<?xml version="1.0" encoding="utf-8"?>
<Project ToolsVersion="4.0" xmlns="http://schemas.microsoft.com/developer/msbuild/2003">
  <ItemGroup>
    <Filter Include="Source Files">
      <UniqueIdentifier>{4FC737F1-C7A5-4376-A066-2A32D752A2FF}</UniqueIdentifier>
      <Extensions>cpp;c;cc;cxx;def;odl;idl;hpj;bat;asm;asmx</Extensions>
    </Filter>
    <Filter Include="Header Files">
      <UniqueIdentifier>{93995380-89BD-4b04-88EB-625FBE52EBFB}</UniqueIdentifier>
      <Extensions>h;hh;hpp;hxx;hm;inl;inc;xsd</Extensions>
    </Filter>
    <Filter Include="Resource Files">
      <UniqueIdentifier>{67DA6AB6-F800-4c08-8B7A-83BB121AAD01}</UniqueIdentifier>
      <Extensions>rc;ico;cur;bmp;dlg;rc2;rct;bin;rgs;gif;jpg;jpeg;jpe;resx;tiff;tif;png;wav;mfcribbon-ms</Extensions>
    </Filter>
    <Filter Include="Source Files\emulator_cpp">
      <UniqueIdentifier>{57603c9a-9054-4748-89b6-0d978df6fca7}</UniqueIdentifier>
    </Filter>
    <Filter Include="Header Files\emulator_h">
      <UniqueIdentifier>{7d9c9f98-ad56-447f-9055-d12ee9d10851}</UniqueIdentifier>
    </Filter>
    <Filter Include="Source Files\emulator_test">
      <UniqueIdentifier>{4a6d2489-522e-4c88-8460-ce7523416f84}</UniqueIdentifier>
    </Filter>
  </ItemGroup>
  <ItemGroup>
    <ClInclude Include="..\catch2\single_include\catch2\catch.hpp">
      <Filter>Header Files</Filter>
    </ClInclude>
    <ClInclude Include="..\emulator\cpu.h">
      <Filter>Header Files\emulator_h</Filter>
    </ClInclude>
    <ClInclude Include="..\emulator\cpu_exception.h">
      <Filter>Header Files\emulator_h</Filter>
    </ClInclude>
    <ClInclude Include="..\emulator\instruction_decoder.h">
      <Filter>Header Files\emulator_h</Filter>
    </ClInclude>
    <ClInclude Include="..\emulator\memory.h">
      <Filter>Header Files\emulator_h</Filter>
    </ClInclude>
  </ItemGroup>
  <ItemGroup>
    <ClCompile Include="main.cpp">
      <Filter>Source Files</Filter>
    </ClCompile>
    <ClCompile Include="hello_world_test.cpp">
      <Filter>Source Files</Filter>
    </ClCompile>
    <ClCompile Include="..\emulator\cpu.cpp">
      <Filter>Source Files\emulator_cpp</Filter>
    </ClCompile>
    <ClCompile Include="test_eflags.cpp">
      <Filter>Source Files\emulator_test</Filter>
    </ClCompile>
    <ClCompile Include="..\emulator\instruction_decoder.cpp">
      <Filter>Source Files\emulator_cpp</Filter>
    </ClCompile>
    <ClCompile Include="test_instruction_decoder.cpp">
      <Filter>Source Files\emulator_test</Filter>
    </ClCompile>
    <ClCompile Include="test_memory.cpp">
      <Filter>Source Files\emulator_test</Filter>
    </ClCompile>
    <ClCompile Include="..\emulator\memory.cpp">
      <Filter>Source Files\emulator_cpp</Filter>
    </ClCompile>
  </ItemGroup>
</Project>